
Microsoft Visual Studio Solution File, Format Version 12.00
# Visual Studio 15
VisualStudioVersion = 15.0.27130.2024
MinimumVisualStudioVersion = 10.0.40219.1
Project("{FAE04EC0-301F-11D3-BF4B-00C04F79EFBC}") = "SNAKE", "SNAKE\SNAKE.csproj", "{061B4EC8-ED3F-4687-90D6-04F0D8203ACF}"
EndProject
Global
	GlobalSection(SolutionConfigurationPlatforms) = preSolution
		Debug|Any CPU = Debug|Any CPU
		Release|Any CPU = Release|Any CPU
	EndGlobalSection
	GlobalSection(ProjectConfigurationPlatforms) = postSolution
		{061B4EC8-ED3F-4687-90D6-04F0D8203ACF}.Debug|Any CPU.ActiveCfg = Debug|Any CPU
		{061B4EC8-ED3F-4687-90D6-04F0D8203ACF}.Debug|Any CPU.Build.0 = Debug|Any CPU
		{061B4EC8-ED3F-4687-90D6-04F0D8203ACF}.Release|Any CPU.ActiveCfg = Release|Any CPU
		{061B4EC8-ED3F-4687-90D6-04F0D8203ACF}.Release|Any CPU.Build.0 = Release|Any CPU
	EndGlobalSection
	GlobalSection(SolutionProperties) = preSolution
		HideSolutionNode = FALSE
	EndGlobalSection
	GlobalSection(ExtensibilityGlobals) = postSolution
		SolutionGuid = {05621D93-F1F8-4CC5-87EB-4156C28CB8A8}
	EndGlobalSection
EndGlobal
